// !$*UTF8*$!
{
	archiveVersion = 1;
	classes = {
	};
	objectVersion = 46;
	objects = {

/* Begin PBXBuildFile section */
		B113A18E1BCE7A7F0052E5A3 /* AppDelegate.swift in Sources */ = {isa = PBXBuildFile; fileRef = B113A18D1BCE7A7F0052E5A3 /* AppDelegate.swift */; };
		B113A1901BCE7A7F0052E5A3 /* ViewController.swift in Sources */ = {isa = PBXBuildFile; fileRef = B113A18F1BCE7A7F0052E5A3 /* ViewController.swift */; };
		B113A1931BCE7A7F0052E5A3 /* Main.storyboard in Resources */ = {isa = PBXBuildFile; fileRef = B113A1911BCE7A7F0052E5A3 /* Main.storyboard */; };
		B113A1951BCE7A7F0052E5A3 /* Assets.xcassets in Resources */ = {isa = PBXBuildFile; fileRef = B113A1941BCE7A7F0052E5A3 /* Assets.xcassets */; };
		B113A1981BCE7A7F0052E5A3 /* LaunchScreen.storyboard in Resources */ = {isa = PBXBuildFile; fileRef = B113A1961BCE7A7F0052E5A3 /* LaunchScreen.storyboard */; };
		B113A1A31BCE7A7F0052E5A3 /* SimpleTableTests.swift in Sources */ = {isa = PBXBuildFile; fileRef = B113A1A21BCE7A7F0052E5A3 /* SimpleTableTests.swift */; };
		B113A1AE1BCE7A7F0052E5A3 /* SimpleTableUITests.swift in Sources */ = {isa = PBXBuildFile; fileRef = B113A1AD1BCE7A7F0052E5A3 /* SimpleTableUITests.swift */; };
/* End PBXBuildFile section */

/* Begin PBXContainerItemProxy section */
		B113A19F1BCE7A7F0052E5A3 /* PBXContainerItemProxy */ = {
			isa = PBXContainerItemProxy;
			containerPortal = B113A1821BCE7A7F0052E5A3 /* Project object */;
			proxyType = 1;
			remoteGlobalIDString = B113A1891BCE7A7F0052E5A3;
			remoteInfo = SimpleTable;
		};
		B113A1AA1BCE7A7F0052E5A3 /* PBXContainerItemProxy */ = {
			isa = PBXContainerItemProxy;
			containerPortal = B113A1821BCE7A7F0052E5A3 /* Project object */;
			proxyType = 1;
			remoteGlobalIDString = B113A1891BCE7A7F0052E5A3;
			remoteInfo = SimpleTable;
		};
/* End PBXContainerItemProxy section */

/* Begin PBXFileReference section */
		B113A18A1BCE7A7F0052E5A3 /* SimpleTable.app */ = {isa = PBXFileReference; explicitFileType = wrapper.application; includeInIndex = 0; path = SimpleTable.app; sourceTree = BUILT_PRODUCTS_DIR; };
		B113A18D1BCE7A7F0052E5A3 /* AppDelegate.swift */ = {isa = PBXFileReference; lastKnownFileType = sourcecode.swift; path = AppDelegate.swift; sourceTree = "<group>"; };
		B113A18F1BCE7A7F0052E5A3 /* ViewController.swift */ = {isa = PBXFileReference; lastKnownFileType = sourcecode.swift; path = ViewController.swift; sourceTree = "<group>"; };
		B113A1921BCE7A7F0052E5A3 /* Base */ = {isa = PBXFileReference; lastKnownFileType = file.storyboard; name = Base; path = Base.lproj/Main.storyboard; sourceTree = "<group>"; };
		B113A1941BCE7A7F0052E5A3 /* Assets.xcassets */ = {isa = PBXFileReference; lastKnownFileType = folder.assetcatalog; path = Assets.xcassets; sourceTree = "<group>"; };
		B113A1971BCE7A7F0052E5A3 /* Base */ = {isa = PBXFileReference; lastKnownFileType = file.storyboard; name = Base; path = Base.lproj/LaunchScreen.storyboard; sourceTree = "<group>"; };
		B113A1991BCE7A7F0052E5A3 /* Info.plist */ = {isa = PBXFileReference; lastKnownFileType = text.plist.xml; path = Info.plist; sourceTree = "<group>"; };
		B113A19E1BCE7A7F0052E5A3 /* SimpleTableTests.xctest */ = {isa = PBXFileReference; explicitFileType = wrapper.cfbundle; includeInIndex = 0; path = SimpleTableTests.xctest; sourceTree = BUILT_PRODUCTS_DIR; };
		B113A1A21BCE7A7F0052E5A3 /* SimpleTableTests.swift */ = {isa = PBXFileReference; lastKnownFileType = sourcecode.swift; path = SimpleTableTests.swift; sourceTree = "<group>"; };
		B113A1A41BCE7A7F0052E5A3 /* Info.plist */ = {isa = PBXFileReference; lastKnownFileType = text.plist.xml; path = Info.plist; sourceTree = "<group>"; };
		B113A1A91BCE7A7F0052E5A3 /* SimpleTableUITests.xctest */ = {isa = PBXFileReference; explicitFileType = wrapper.cfbundle; includeInIndex = 0; path = SimpleTableUITests.xctest; sourceTree = BUILT_PRODUCTS_DIR; };
		B113A1AD1BCE7A7F0052E5A3 /* SimpleTableUITests.swift */ = {isa = PBXFileReference; lastKnownFileType = sourcecode.swift; path = SimpleTableUITests.swift; sourceTree = "<group>"; };
		B113A1AF1BCE7A7F0052E5A3 /* Info.plist */ = {isa = PBXFileReference; lastKnownFileType = text.plist.xml; path = Info.plist; sourceTree = "<group>"; };
/* End PBXFileReference section */

/* Begin PBXFrameworksBuildPhase section */
		B113A1871BCE7A7F0052E5A3 /* Frameworks */ = {
			isa = PBXFrameworksBuildPhase;
			buildActionMask = 2147483647;
			files = (
			);
			runOnlyForDeploymentPostprocessing = 0;
		};
		B113A19B1BCE7A7F0052E5A3 /* Frameworks */ = {
			isa = PBXFrameworksBuildPhase;
			buildActionMask = 2147483647;
			files = (
			);
			runOnlyForDeploymentPostprocessing = 0;
		};
		B113A1A61BCE7A7F0052E5A3 /* Frameworks */ = {
			isa = PBXFrameworksBuildPhase;
			buildActionMask = 2147483647;
			files = (
			);
			runOnlyForDeploymentPostprocessing = 0;
		};
/* End PBXFrameworksBuildPhase section */

/* Begin PBXGroup section */
		B113A1811BCE7A7F0052E5A3 = {
			isa = PBXGroup;
			children = (
				B113A18C1BCE7A7F0052E5A3 /* SimpleTable */,
				B113A1A11BCE7A7F0052E5A3 /* SimpleTableTests */,
				B113A1AC1BCE7A7F0052E5A3 /* SimpleTableUITests */,
				B113A18B1BCE7A7F0052E5A3 /* Products */,
			);
			sourceTree = "<group>";
		};
		B113A18B1BCE7A7F0052E5A3 /* Products */ = {
			isa = PBXGroup;
			children = (
				B113A18A1BCE7A7F0052E5A3 /* SimpleTable.app */,
				B113A19E1BCE7A7F0052E5A3 /* SimpleTableTests.xctest */,
				B113A1A91BCE7A7F0052E5A3 /* SimpleTableUITests.xctest */,
			);
			name = Products;
			sourceTree = "<group>";
		};
		B113A18C1BCE7A7F0052E5A3 /* SimpleTable */ = {
			isa = PBXGroup;
			children = (
				B113A18D1BCE7A7F0052E5A3 /* AppDelegate.swift */,
				B113A18F1BCE7A7F0052E5A3 /* ViewController.swift */,
				B113A1911BCE7A7F0052E5A3 /* Main.storyboard */,
				B113A1941BCE7A7F0052E5A3 /* Assets.xcassets */,
				B113A1961BCE7A7F0052E5A3 /* LaunchScreen.storyboard */,
				B113A1991BCE7A7F0052E5A3 /* Info.plist */,
			);
			path = SimpleTable;
			sourceTree = "<group>";
		};
		B113A1A11BCE7A7F0052E5A3 /* SimpleTableTests */ = {
			isa = PBXGroup;
			children = (
				B113A1A21BCE7A7F0052E5A3 /* SimpleTableTests.swift */,
				B113A1A41BCE7A7F0052E5A3 /* Info.plist */,
			);
			path = SimpleTableTests;
			sourceTree = "<group>";
		};
		B113A1AC1BCE7A7F0052E5A3 /* SimpleTableUITests */ = {
			isa = PBXGroup;
			children = (
				B113A1AD1BCE7A7F0052E5A3 /* SimpleTableUITests.swift */,
				B113A1AF1BCE7A7F0052E5A3 /* Info.plist */,
			);
			path = SimpleTableUITests;
			sourceTree = "<group>";
		};
/* End PBXGroup section */

/* Begin PBXNativeTarget section */
		B113A1891BCE7A7F0052E5A3 /* SimpleTable */ = {
			isa = PBXNativeTarget;
			buildConfigurationList = B113A1B21BCE7A7F0052E5A3 /* Build configuration list for PBXNativeTarget "SimpleTable" */;
			buildPhases = (
				B113A1861BCE7A7F0052E5A3 /* Sources */,
				B113A1871BCE7A7F0052E5A3 /* Frameworks */,
				B113A1881BCE7A7F0052E5A3 /* Resources */,
			);
			buildRules = (
			);
			dependencies = (
			);
			name = SimpleTable;
			productName = SimpleTable;
			productReference = B113A18A1BCE7A7F0052E5A3 /* SimpleTable.app */;
			productType = "com.apple.product-type.application";
		};
		B113A19D1BCE7A7F0052E5A3 /* SimpleTableTests */ = {
			isa = PBXNativeTarget;
			buildConfigurationList = B113A1B51BCE7A7F0052E5A3 /* Build configuration list for PBXNativeTarget "SimpleTableTests" */;
			buildPhases = (
				B113A19A1BCE7A7F0052E5A3 /* Sources */,
				B113A19B1BCE7A7F0052E5A3 /* Frameworks */,
				B113A19C1BCE7A7F0052E5A3 /* Resources */,
			);
			buildRules = (
			);
			dependencies = (
				B113A1A01BCE7A7F0052E5A3 /* PBXTargetDependency */,
			);
			name = SimpleTableTests;
			productName = SimpleTableTests;
			productReference = B113A19E1BCE7A7F0052E5A3 /* SimpleTableTests.xctest */;
			productType = "com.apple.product-type.bundle.unit-test";
		};
		B113A1A81BCE7A7F0052E5A3 /* SimpleTableUITests */ = {
			isa = PBXNativeTarget;
			buildConfigurationList = B113A1B81BCE7A7F0052E5A3 /* Build configuration list for PBXNativeTarget "SimpleTableUITests" */;
			buildPhases = (
				B113A1A51BCE7A7F0052E5A3 /* Sources */,
				B113A1A61BCE7A7F0052E5A3 /* Frameworks */,
				B113A1A71BCE7A7F0052E5A3 /* Resources */,
			);
			buildRules = (
			);
			dependencies = (
				B113A1AB1BCE7A7F0052E5A3 /* PBXTargetDependency */,
			);
			name = SimpleTableUITests;
			productName = SimpleTableUITests;
			productReference = B113A1A91BCE7A7F0052E5A3 /* SimpleTableUITests.xctest */;
			productType = "com.apple.product-type.bundle.ui-testing";
		};
/* End PBXNativeTarget section */

/* Begin PBXProject section */
		B113A1821BCE7A7F0052E5A3 /* Project object */ = {
			isa = PBXProject;
			attributes = {
				LastUpgradeCheck = 0700;
				ORGANIZATIONNAME = Kun;
				TargetAttributes = {
					B113A1891BCE7A7F0052E5A3 = {
						CreatedOnToolsVersion = 7.0.1;
						DevelopmentTeam = WL5UB96842;
					};
					B113A19D1BCE7A7F0052E5A3 = {
						CreatedOnToolsVersion = 7.0.1;
						DevelopmentTeam = WL5UB96842;
						TestTargetID = B113A1891BCE7A7F0052E5A3;
					};
					B113A1A81BCE7A7F0052E5A3 = {
						CreatedOnToolsVersion = 7.0.1;
						DevelopmentTeam = WL5UB96842;
						TestTargetID = B113A1891BCE7A7F0052E5A3;
					};
				};
			};
			buildConfigurationList = B113A1851BCE7A7F0052E5A3 /* Build configuration list for PBXProject "SimpleTable" */;
			compatibilityVersion = "Xcode 3.2";
			developmentRegion = English;
			hasScannedForEncodings = 0;
			knownRegions = (
				en,
				Base,
			);
			mainGroup = B113A1811BCE7A7F0052E5A3;
			productRefGroup = B113A18B1BCE7A7F0052E5A3 /* Products */;
			projectDirPath = "";
			projectRoot = "";
			targets = (
				B113A1891BCE7A7F0052E5A3 /* SimpleTable */,
				B113A19D1BCE7A7F0052E5A3 /* SimpleTableTests */,
				B113A1A81BCE7A7F0052E5A3 /* SimpleTableUITests */,
			);
		};
/* End PBXProject section */

/* Begin PBXResourcesBuildPhase section */
		B113A1881BCE7A7F0052E5A3 /* Resources */ = {
			isa = PBXResourcesBuildPhase;
			buildActionMask = 2147483647;
			files = (
				B113A1981BCE7A7F0052E5A3 /* LaunchScreen.storyboard in Resources */,
				B113A1951BCE7A7F0052E5A3 /* Assets.xcassets in Resources */,
				B113A1931BCE7A7F0052E5A3 /* Main.storyboard in Resources */,
			);
			runOnlyForDeploymentPostprocessing = 0;
		};
		B113A19C1BCE7A7F0052E5A3 /* Resources */ = {
			isa = PBXResourcesBuildPhase;
			buildActionMask = 2147483647;
			files = (
			);
			runOnlyForDeploymentPostprocessing = 0;
		};
		B113A1A71BCE7A7F0052E5A3 /* Resources */ = {
			isa = PBXResourcesBuildPhase;
			buildActionMask = 2147483647;
			files = (
			);
			runOnlyForDeploymentPostprocessing = 0;
		};
/* End PBXResourcesBuildPhase section */

/* Begin PBXSourcesBuildPhase section */
		B113A1861BCE7A7F0052E5A3 /* Sources */ = {
			isa = PBXSourcesBuildPhase;
			buildActionMask = 2147483647;
			files = (
				B113A1901BCE7A7F0052E5A3 /* ViewController.swift in Sources */,
				B113A18E1BCE7A7F0052E5A3 /* AppDelegate.swift in Sources */,
			);
			runOnlyForDeploymentPostprocessing = 0;
		};
		B113A19A1BCE7A7F0052E5A3 /* Sources */ = {
			isa = PBXSourcesBuildPhase;
			buildActionMask = 2147483647;
			files = (
				B113A1A31BCE7A7F0052E5A3 /* SimpleTableTests.swift in Sources */,
			);
			runOnlyForDeploymentPostprocessing = 0;
		};
		B113A1A51BCE7A7F0052E5A3 /* Sources */ = {
			isa = PBXSourcesBuildPhase;
			buildActionMask = 2147483647;
			files = (
				B113A1AE1BCE7A7F0052E5A3 /* SimpleTableUITests.swift in Sources */,
			);
			runOnlyForDeploymentPostprocessing = 0;
		};
/* End PBXSourcesBuildPhase section */

/* Begin PBXTargetDependency section */
		B113A1A01BCE7A7F0052E5A3 /* PBXTargetDependency */ = {
			isa = PBXTargetDependency;
			target = B113A1891BCE7A7F0052E5A3 /* SimpleTable */;
			targetProxy = B113A19F1BCE7A7F0052E5A3 /* PBXContainerItemProxy */;
		};
		B113A1AB1BCE7A7F0052E5A3 /* PBXTargetDependency */ = {
			isa = PBXTargetDependency;
			target = B113A1891BCE7A7F0052E5A3 /* SimpleTable */;
			targetProxy = B113A1AA1BCE7A7F0052E5A3 /* PBXContainerItemProxy */;
		};
/* End PBXTargetDependency section */

/* Begin PBXVariantGroup section */
		B113A1911BCE7A7F0052E5A3 /* Main.storyboard */ = {
			isa = PBXVariantGroup;
			children = (
				B113A1921BCE7A7F0052E5A3 /* Base */,
			);
			name = Main.storyboard;
			sourceTree = "<group>";
		};
		B113A1961BCE7A7F0052E5A3 /* LaunchScreen.storyboard */ = {
			isa = PBXVariantGroup;
			children = (
				B113A1971BCE7A7F0052E5A3 /* Base */,
			);
			name = LaunchScreen.storyboard;
			sourceTree = "<group>";
		};
/* End PBXVariantGroup section */

/* Begin XCBuildConfiguration section */
		B113A1B01BCE7A7F0052E5A3 /* Debug */ = {
			isa = XCBuildConfiguration;
			buildSettings = {
				ALWAYS_SEARCH_USER_PATHS = NO;
				CLANG_CXX_LANGUAGE_STANDARD = "gnu++0x";
				CLANG_CXX_LIBRARY = "libc++";
				CLANG_ENABLE_MODULES = YES;
				CLANG_ENABLE_OBJC_ARC = YES;
				CLANG_WARN_BOOL_CONVERSION = YES;
				CLANG_WARN_CONSTANT_CONVERSION = YES;
				CLANG_WARN_DIRECT_OBJC_ISA_USAGE = YES_ERROR;
				CLANG_WARN_EMPTY_BODY = YES;
				CLANG_WARN_ENUM_CONVERSION = YES;
				CLANG_WARN_INT_CONVERSION = YES;
				CLANG_WARN_OBJC_ROOT_CLASS = YES_ERROR;
				CLANG_WARN_UNREACHABLE_CODE = YES;
				CLANG_WARN__DUPLICATE_METHOD_MATCH = YES;
				"CODE_SIGN_IDENTITY[sdk=iphoneos*]" = "iPhone Developer";
				COPY_PHASE_STRIP = NO;
				DEBUG_INFORMATION_FORMAT = dwarf;
				ENABLE_STRICT_OBJC_MSGSEND = YES;
				ENABLE_TESTABILITY = YES;
				GCC_C_LANGUAGE_STANDARD = gnu99;
				GCC_DYNAMIC_NO_PIC = NO;
				GCC_NO_COMMON_BLOCKS = YES;
				GCC_OPTIMIZATION_LEVEL = 0;
				GCC_PREPROCESSOR_DEFINITIONS = (
					"DEBUG=1",
					"$(inherited)",
				);
				GCC_WARN_64_TO_32_BIT_CONVERSION = YES;
				GCC_WARN_ABOUT_RETURN_TYPE = YES_ERROR;
				GCC_WARN_UNDECLARED_SELECTOR = YES;
				GCC_WARN_UNINITIALIZED_AUTOS = YES_AGGRESSIVE;
				GCC_WARN_UNUSED_FUNCTION = YES;
				GCC_WARN_UNUSED_VARIABLE = YES;
				IPHONEOS_DEPLOYMENT_TARGET = 9.0;
				MTL_ENABLE_DEBUG_INFO = YES;
				ONLY_ACTIVE_ARCH = YES;
				SDKROOT = iphoneos;
				SWIFT_OPTIMIZATION_LEVEL = "-Onone";
			};
			name = Debug;
		};
		B113A1B11BCE7A7F0052E5A3 /* Release */ = {
			isa = XCBuildConfiguration;
			buildSettings = {
				ALWAYS_SEARCH_USER_PATHS = NO;
				CLANG_CXX_LANGUAGE_STANDARD = "gnu++0x";
				CLANG_CXX_LIBRARY = "libc++";
				CLANG_ENABLE_MODULES = YES;
				CLANG_ENABLE_OBJC_ARC = YES;
				CLANG_WARN_BOOL_CONVERSION = YES;
				CLANG_WARN_CONSTANT_CONVERSION = YES;
				CLANG_WARN_DIRECT_OBJC_ISA_USAGE = YES_ERROR;
				CLANG_WARN_EMPTY_BODY = YES;
				CLANG_WARN_ENUM_CONVERSION = YES;
				CLANG_WARN_INT_CONVERSION = YES;
				CLANG_WARN_OBJC_ROOT_CLASS = YES_ERROR;
				CLANG_WARN_UNREACHABLE_CODE = YES;
				CLANG_WARN__DUPLICATE_METHOD_MATCH = YES;
				"CODE_SIGN_IDENTITY[sdk=iphoneos*]" = "iPhone Developer";
				COPY_PHASE_STRIP = NO;
				DEBUG_INFORMATION_FORMAT = "dwarf-with-dsym";
				ENABLE_NS_ASSERTIONS = NO;
				ENABLE_STRICT_OBJC_MSGSEND = YES;
				GCC_C_LANGUAGE_STANDARD = gnu99;
				GCC_NO_COMMON_BLOCKS = YES;
				GCC_WARN_64_TO_32_BIT_CONVERSION = YES;
				GCC_WARN_ABOUT_RETURN_TYPE = YES_ERROR;
				GCC_WARN_UNDECLARED_SELECTOR = YES;
				GCC_WARN_UNINITIALIZED_AUTOS = YES_AGGRESSIVE;
				GCC_WARN_UNUSED_FUNCTION = YES;
				GCC_WARN_UNUSED_VARIABLE = YES;
				IPHONEOS_DEPLOYMENT_TARGET = 9.0;
				MTL_ENABLE_DEBUG_INFO = NO;
				SDKROOT = iphoneos;
				VALIDATE_PRODUCT = YES;
			};
			name = Release;
		};
		B113A1B31BCE7A7F0052E5A3 /* Debug */ = {
			isa = XCBuildConfiguration;
			buildSettings = {
				ASSETCATALOG_COMPILER_APPICON_NAME = AppIcon;
				CODE_SIGN_IDENTITY = "iPhone Developer";
				"CODE_SIGN_IDENTITY[sdk=iphoneos*]" = "iPhone Developer";
				INFOPLIST_FILE = SimpleTable/Info.plist;
				IPHONEOS_DEPLOYMENT_TARGET = 7.0;
				LD_RUNPATH_SEARCH_PATHS = "$(inherited) @executable_path/Frameworks";
				PRODUCT_BUNDLE_IDENTIFIER = org.rankun.test.swift.SimpleTable;
				PRODUCT_NAME = "$(TARGET_NAME)";
				PROVISIONING_PROFILE = "";
			};
			name = Debug;
		};
		B113A1B41BCE7A7F0052E5A3 /* Release */ = {
			isa = XCBuildConfiguration;
			buildSettings = {
				ASSETCATALOG_COMPILER_APPICON_NAME = AppIcon;
				CODE_SIGN_IDENTITY = "iPhone Developer";
				"CODE_SIGN_IDENTITY[sdk=iphoneos*]" = "iPhone Developer";
				INFOPLIST_FILE = SimpleTable/Info.plist;
				IPHONEOS_DEPLOYMENT_TARGET = 7.0;
				LD_RUNPATH_SEARCH_PATHS = "$(inherited) @executable_path/Frameworks";
				PRODUCT_BUNDLE_IDENTIFIER = org.rankun.test.swift.SimpleTable;
				PRODUCT_NAME = "$(TARGET_NAME)";
				PROVISIONING_PROFILE = "";
			};
			name = Release;
		};
		B113A1B61BCE7A7F0052E5A3 /* Debug */ = {
			isa = XCBuildConfiguration;
			buildSettings = {
				BUNDLE_LOADER = "$(TEST_HOST)";
				INFOPLIST_FILE = SimpleTableTests/Info.plist;
				LD_RUNPATH_SEARCH_PATHS = "$(inherited) @executable_path/Frameworks @loader_path/Frameworks";
				PRODUCT_BUNDLE_IDENTIFIER = org.rankun.test.swift.SimpleTableTests;
				PRODUCT_NAME = "$(TARGET_NAME)";
				TEST_HOST = "$(BUILT_PRODUCTS_DIR)/SimpleTable.app/SimpleTable";
			};
			name = Debug;
		};
		B113A1B71BCE7A7F0052E5A3 /* Release */ = {
			isa = XCBuildConfiguration;
			buildSettings = {
				BUNDLE_LOADER = "$(TEST_HOST)";
				INFOPLIST_FILE = SimpleTableTests/Info.plist;
				LD_RUNPATH_SEARCH_PATHS = "$(inherited) @executable_path/Frameworks @loader_path/Frameworks";
				PRODUCT_BUNDLE_IDENTIFIER = org.rankun.test.swift.SimpleTableTests;
				PRODUCT_NAME = "$(TARGET_NAME)";
				TEST_HOST = "$(BUILT_PRODUCTS_DIR)/SimpleTable.app/SimpleTable";
			};
			name = Release;
		};
		B113A1B91BCE7A7F0052E5A3 /* Debug */ = {
			isa = XCBuildConfiguration;
			buildSettings = {
				INFOPLIST_FILE = SimpleTableUITests/Info.plist;
				LD_RUNPATH_SEARCH_PATHS = "$(inherited) @executable_path/Frameworks @loader_path/Frameworks";
				PRODUCT_BUNDLE_IDENTIFIER = org.rankun.test.swift.SimpleTableUITests;
				PRODUCT_NAME = "$(TARGET_NAME)";
				TEST_TARGET_NAME = SimpleTable;
				USES_XCTRUNNER = YES;
			};
			name = Debug;
		};
		B113A1BA1BCE7A7F0052E5A3 /* Release */ = {
			isa = XCBuildConfiguration;
			buildSettings = {
				INFOPLIST_FILE = SimpleTableUITests/Info.plist;
				LD_RUNPATH_SEARCH_PATHS = "$(inherited) @executable_path/Frameworks @loader_path/Frameworks";
				PRODUCT_BUNDLE_IDENTIFIER = org.rankun.test.swift.SimpleTableUITests;
				PRODUCT_NAME = "$(TARGET_NAME)";
				TEST_TARGET_NAME = SimpleTable;
				USES_XCTRUNNER = YES;
			};
			name = Release;
		};
/* End XCBuildConfiguration section */

/* Begin XCConfigurationList section */
		B113A1851BCE7A7F0052E5A3 /* Build configuration list for PBXProject "SimpleTable" */ = {
			isa = XCConfigurationList;
			buildConfigurations = (
				B113A1B01BCE7A7F0052E5A3 /* Debug */,
				B113A1B11BCE7A7F0052E5A3 /* Release */,
			);
			defaultConfigurationIsVisible = 0;
			defaultConfigurationName = Release;
		};
		B113A1B21BCE7A7F0052E5A3 /* Build configuration list for PBXNativeTarget "SimpleTable" */ = {
			isa = XCConfigurationList;
			buildConfigurations = (
				B113A1B31BCE7A7F0052E5A3 /* Debug */,
				B113A1B41BCE7A7F0052E5A3 /* Release */,
			);
			defaultConfigurationIsVisible = 0;
			defaultConfigurationName = Release;
		};
		B113A1B51BCE7A7F0052E5A3 /* Build configuration list for PBXNativeTarget "SimpleTableTests" */ = {
			isa = XCConfigurationList;
			buildConfigurations = (
				B113A1B61BCE7A7F0052E5A3 /* Debug */,
				B113A1B71BCE7A7F0052E5A3 /* Release */,
			);
			defaultConfigurationIsVisible = 0;
			defaultConfigurationName = Release;
		};
		B113A1B81BCE7A7F0052E5A3 /* Build configuration list for PBXNativeTarget "SimpleTableUITests" */ = {
			isa = XCConfigurationList;
			buildConfigurations = (
				B113A1B91BCE7A7F0052E5A3 /* Debug */,
				B113A1BA1BCE7A7F0052E5A3 /* Release */,
			);
			defaultConfigurationIsVisible = 0;
			defaultConfigurationName = Release;
		};
/* End XCConfigurationList section */
	};
	rootObject = B113A1821BCE7A7F0052E5A3 /* Project object */;
}
